{
  "pins" : [
    {
      "identity" : "numerictextfield",
      "kind" : "remoteSourceControl",
      "location" : "https://github.com/josephlevy222/NumericTextField.git",
      "state" : {
        "branch" : "main",
        "revision" : "5df205350d35c4faa8b5f1daa50d623f39fe9f52"
      }
    },
    {
      "identity" : "textview",
      "kind" : "remoteSourceControl",
      "location" : "https://github.com/josephlevy222/TextView.git",
      "state" : {
        "branch" : "main",
        "revision" : "596f6cfe2a9f4ad5f38844b6e2b85c5de87bb4c8"
      }
    },
    {
      "identity" : "utilities",
      "kind" : "remoteSourceControl",
      "location" : "https://github.com/josephlevy222/Utilities.git",
      "state" : {
        "branch" : "main",
        "revision" : "d08a63eaa7ea95857a272f8412e8c6d36286099e"
      }
    }
  ],
  "version" : 2
}
