{
  "pins" : [
    {
      "identity" : "editabletext",
      "kind" : "remoteSourceControl",
      "location" : "https://github.com/josephlevy222/EditableText.git",
      "state" : {
        "branch" : "test",
        "revision" : "ce562a6a564abd2575c1848be57fff763d727153"
      }
    },
    {
      "identity" : "numerictextfield",
      "kind" : "remoteSourceControl",
      "location" : "https://github.com/josephlevy222/NumericTextField.git",
      "state" : {
        "branch" : "main",
        "revision" : "b2951e9726d90005a00e57c955191d84b13f43bc"
      }
    },
    {
      "identity" : "utilities",
      "kind" : "remoteSourceControl",
      "location" : "https://github.com/josephlevy222/Utilities.git",
      "state" : {
        "branch" : "main",
        "revision" : "770c059056d843008859440a0730a0d19b4330d1"
      }
    }
  ],
  "version" : 2
}
