{
  "pins" : [
    {
      "identity" : "editabletext",
      "kind" : "remoteSourceControl",
      "location" : "https://github.com/josephlevy222/EditableText.git",
      "state" : {
        "branch" : "main",
        "revision" : "a847c50997c87b10ab4f5751e73f52ab71a10155"
      }
    },
    {
      "identity" : "numerictextfield",
      "kind" : "remoteSourceControl",
      "location" : "https://github.com/josephlevy222/NumericTextField.git",
      "state" : {
        "branch" : "main",
        "revision" : "5df205350d35c4faa8b5f1daa50d623f39fe9f52"
      }
    },
    {
      "identity" : "utilities",
      "kind" : "remoteSourceControl",
      "location" : "https://github.com/josephlevy222/Utilities.git",
      "state" : {
        "branch" : "main",
        "revision" : "d08a63eaa7ea95857a272f8412e8c6d36286099e"
      }
    }
  ],
  "version" : 2
}
